// !$*UTF8*$!
{
	archiveVersion = 1;
	classes = {
	};
	objectVersion = 50;
	objects = {

/* Begin PBXBuildFile section */
		E141B2B523B239F50083D67C /* AppDelegate.swift in Sources */ = {isa = PBXBuildFile; fileRef = E141B2B423B239F50083D67C /* AppDelegate.swift */; };
		E141B2B723B239F50083D67C /* SceneDelegate.swift in Sources */ = {isa = PBXBuildFile; fileRef = E141B2B623B239F50083D67C /* SceneDelegate.swift */; };
		E141B2B923B239F50083D67C /* ViewController.swift in Sources */ = {isa = PBXBuildFile; fileRef = E141B2B823B239F50083D67C /* ViewController.swift */; };
		E141B2BC23B239F50083D67C /* Main.storyboard in Resources */ = {isa = PBXBuildFile; fileRef = E141B2BA23B239F50083D67C /* Main.storyboard */; };
		E141B2BE23B239FA0083D67C /* Assets.xcassets in Resources */ = {isa = PBXBuildFile; fileRef = E141B2BD23B239FA0083D67C /* Assets.xcassets */; };
		E141B2C123B239FA0083D67C /* LaunchScreen.storyboard in Resources */ = {isa = PBXBuildFile; fileRef = E141B2BF23B239FA0083D67C /* LaunchScreen.storyboard */; };
		E141B2CC23B239FA0083D67C /* StoreTests.swift in Sources */ = {isa = PBXBuildFile; fileRef = E141B2CB23B239FA0083D67C /* StoreTests.swift */; };
		E141B2D723B239FA0083D67C /* StoreUITests.swift in Sources */ = {isa = PBXBuildFile; fileRef = E141B2D623B239FA0083D67C /* StoreUITests.swift */; };
/* End PBXBuildFile section */

/* Begin PBXContainerItemProxy section */
		E141B2C823B239FA0083D67C /* PBXContainerItemProxy */ = {
			isa = PBXContainerItemProxy;
			containerPortal = E141B2A923B239F50083D67C /* Project object */;
			proxyType = 1;
			remoteGlobalIDString = E141B2B023B239F50083D67C;
			remoteInfo = Store;
		};
		E141B2D323B239FA0083D67C /* PBXContainerItemProxy */ = {
			isa = PBXContainerItemProxy;
			containerPortal = E141B2A923B239F50083D67C /* Project object */;
			proxyType = 1;
			remoteGlobalIDString = E141B2B023B239F50083D67C;
			remoteInfo = Store;
		};
/* End PBXContainerItemProxy section */

/* Begin PBXFileReference section */
		E141B2B123B239F50083D67C /* Store.app */ = {isa = PBXFileReference; explicitFileType = wrapper.application; includeInIndex = 0; path = Store.app; sourceTree = BUILT_PRODUCTS_DIR; };
		E141B2B423B239F50083D67C /* AppDelegate.swift */ = {isa = PBXFileReference; lastKnownFileType = sourcecode.swift; path = AppDelegate.swift; sourceTree = "<group>"; };
		E141B2B623B239F50083D67C /* SceneDelegate.swift */ = {isa = PBXFileReference; lastKnownFileType = sourcecode.swift; path = SceneDelegate.swift; sourceTree = "<group>"; };
		E141B2B823B239F50083D67C /* ViewController.swift */ = {isa = PBXFileReference; lastKnownFileType = sourcecode.swift; path = ViewController.swift; sourceTree = "<group>"; };
		E141B2BB23B239F50083D67C /* Base */ = {isa = PBXFileReference; lastKnownFileType = file.storyboard; name = Base; path = Base.lproj/Main.storyboard; sourceTree = "<group>"; };
		E141B2BD23B239FA0083D67C /* Assets.xcassets */ = {isa = PBXFileReference; lastKnownFileType = folder.assetcatalog; path = Assets.xcassets; sourceTree = "<group>"; };
		E141B2C023B239FA0083D67C /* Base */ = {isa = PBXFileReference; lastKnownFileType = file.storyboard; name = Base; path = Base.lproj/LaunchScreen.storyboard; sourceTree = "<group>"; };
		E141B2C223B239FA0083D67C /* Info.plist */ = {isa = PBXFileReference; lastKnownFileType = text.plist.xml; path = Info.plist; sourceTree = "<group>"; };
		E141B2C723B239FA0083D67C /* StoreTests.xctest */ = {isa = PBXFileReference; explicitFileType = wrapper.cfbundle; includeInIndex = 0; path = StoreTests.xctest; sourceTree = BUILT_PRODUCTS_DIR; };
		E141B2CB23B239FA0083D67C /* StoreTests.swift */ = {isa = PBXFileReference; lastKnownFileType = sourcecode.swift; path = StoreTests.swift; sourceTree = "<group>"; };
		E141B2CD23B239FA0083D67C /* Info.plist */ = {isa = PBXFileReference; lastKnownFileType = text.plist.xml; path = Info.plist; sourceTree = "<group>"; };
		E141B2D223B239FA0083D67C /* StoreUITests.xctest */ = {isa = PBXFileReference; explicitFileType = wrapper.cfbundle; includeInIndex = 0; path = StoreUITests.xctest; sourceTree = BUILT_PRODUCTS_DIR; };
		E141B2D623B239FA0083D67C /* StoreUITests.swift */ = {isa = PBXFileReference; lastKnownFileType = sourcecode.swift; path = StoreUITests.swift; sourceTree = "<group>"; };
		E141B2D823B239FA0083D67C /* Info.plist */ = {isa = PBXFileReference; lastKnownFileType = text.plist.xml; path = Info.plist; sourceTree = "<group>"; };
/* End PBXFileReference section */

/* Begin PBXFrameworksBuildPhase section */
		E141B2AE23B239F50083D67C /* Frameworks */ = {
			isa = PBXFrameworksBuildPhase;
			buildActionMask = 2147483647;
			files = (
			);
			runOnlyForDeploymentPostprocessing = 0;
		};
		E141B2C423B239FA0083D67C /* Frameworks */ = {
			isa = PBXFrameworksBuildPhase;
			buildActionMask = 2147483647;
			files = (
			);
			runOnlyForDeploymentPostprocessing = 0;
		};
		E141B2CF23B239FA0083D67C /* Frameworks */ = {
			isa = PBXFrameworksBuildPhase;
			buildActionMask = 2147483647;
			files = (
			);
			runOnlyForDeploymentPostprocessing = 0;
		};
/* End PBXFrameworksBuildPhase section */

/* Begin PBXGroup section */
		E141B2A823B239F50083D67C = {
			isa = PBXGroup;
			children = (
				E141B2B323B239F50083D67C /* Store */,
				E141B2CA23B239FA0083D67C /* StoreTests */,
				E141B2D523B239FA0083D67C /* StoreUITests */,
				E141B2B223B239F50083D67C /* Products */,
			);
			sourceTree = "<group>";
		};
		E141B2B223B239F50083D67C /* Products */ = {
			isa = PBXGroup;
			children = (
				E141B2B123B239F50083D67C /* Store.app */,
				E141B2C723B239FA0083D67C /* StoreTests.xctest */,
				E141B2D223B239FA0083D67C /* StoreUITests.xctest */,
			);
			name = Products;
			sourceTree = "<group>";
		};
		E141B2B323B239F50083D67C /* Store */ = {
			isa = PBXGroup;
			children = (
				E141B2B423B239F50083D67C /* AppDelegate.swift */,
				E141B2B623B239F50083D67C /* SceneDelegate.swift */,
				E141B2B823B239F50083D67C /* ViewController.swift */,
				E141B2BA23B239F50083D67C /* Main.storyboard */,
				E141B2BD23B239FA0083D67C /* Assets.xcassets */,
				E141B2BF23B239FA0083D67C /* LaunchScreen.storyboard */,
				E141B2C223B239FA0083D67C /* Info.plist */,
			);
			path = Store;
			sourceTree = "<group>";
		};
		E141B2CA23B239FA0083D67C /* StoreTests */ = {
			isa = PBXGroup;
			children = (
				E141B2CB23B239FA0083D67C /* StoreTests.swift */,
				E141B2CD23B239FA0083D67C /* Info.plist */,
			);
			path = StoreTests;
			sourceTree = "<group>";
		};
		E141B2D523B239FA0083D67C /* StoreUITests */ = {
			isa = PBXGroup;
			children = (
				E141B2D623B239FA0083D67C /* StoreUITests.swift */,
				E141B2D823B239FA0083D67C /* Info.plist */,
			);
			path = StoreUITests;
			sourceTree = "<group>";
		};
/* End PBXGroup section */

/* Begin PBXNativeTarget section */
		E141B2B023B239F50083D67C /* Store */ = {
			isa = PBXNativeTarget;
			buildConfigurationList = E141B2DB23B239FA0083D67C /* Build configuration list for PBXNativeTarget "Store" */;
			buildPhases = (
				E141B2AD23B239F50083D67C /* Sources */,
				E141B2AE23B239F50083D67C /* Frameworks */,
				E141B2AF23B239F50083D67C /* Resources */,
			);
			buildRules = (
			);
			dependencies = (
			);
			name = Store;
			productName = Store;
			productReference = E141B2B123B239F50083D67C /* Store.app */;
			productType = "com.apple.product-type.application";
		};
		E141B2C623B239FA0083D67C /* StoreTests */ = {
			isa = PBXNativeTarget;
			buildConfigurationList = E141B2DE23B239FA0083D67C /* Build configuration list for PBXNativeTarget "StoreTests" */;
			buildPhases = (
				E141B2C323B239FA0083D67C /* Sources */,
				E141B2C423B239FA0083D67C /* Frameworks */,
				E141B2C523B239FA0083D67C /* Resources */,
			);
			buildRules = (
			);
			dependencies = (
				E141B2C923B239FA0083D67C /* PBXTargetDependency */,
			);
			name = StoreTests;
			productName = StoreTests;
			productReference = E141B2C723B239FA0083D67C /* StoreTests.xctest */;
			productType = "com.apple.product-type.bundle.unit-test";
		};
		E141B2D123B239FA0083D67C /* StoreUITests */ = {
			isa = PBXNativeTarget;
			buildConfigurationList = E141B2E123B239FA0083D67C /* Build configuration list for PBXNativeTarget "StoreUITests" */;
			buildPhases = (
				E141B2CE23B239FA0083D67C /* Sources */,
				E141B2CF23B239FA0083D67C /* Frameworks */,
				E141B2D023B239FA0083D67C /* Resources */,
			);
			buildRules = (
			);
			dependencies = (
				E141B2D423B239FA0083D67C /* PBXTargetDependency */,
			);
			name = StoreUITests;
			productName = StoreUITests;
			productReference = E141B2D223B239FA0083D67C /* StoreUITests.xctest */;
			productType = "com.apple.product-type.bundle.ui-testing";
		};
/* End PBXNativeTarget section */

/* Begin PBXProject section */
		E141B2A923B239F50083D67C /* Project object */ = {
			isa = PBXProject;
			attributes = {
				LastSwiftUpdateCheck = 1130;
				LastUpgradeCheck = 1130;
				ORGANIZATIONNAME = GetProger;
				TargetAttributes = {
					E141B2B023B239F50083D67C = {
						CreatedOnToolsVersion = 11.3;
					};
					E141B2C623B239FA0083D67C = {
						CreatedOnToolsVersion = 11.3;
						TestTargetID = E141B2B023B239F50083D67C;
					};
					E141B2D123B239FA0083D67C = {
						CreatedOnToolsVersion = 11.3;
						TestTargetID = E141B2B023B239F50083D67C;
					};
				};
			};
			buildConfigurationList = E141B2AC23B239F50083D67C /* Build configuration list for PBXProject "Store" */;
			compatibilityVersion = "Xcode 9.3";
			developmentRegion = en;
			hasScannedForEncodings = 0;
			knownRegions = (
				en,
				Base,
			);
			mainGroup = E141B2A823B239F50083D67C;
			productRefGroup = E141B2B223B239F50083D67C /* Products */;
			projectDirPath = "";
			projectRoot = "";
			targets = (
				E141B2B023B239F50083D67C /* Store */,
				E141B2C623B239FA0083D67C /* StoreTests */,
				E141B2D123B239FA0083D67C /* StoreUITests */,
			);
		};
/* End PBXProject section */

/* Begin PBXResourcesBuildPhase section */
		E141B2AF23B239F50083D67C /* Resources */ = {
			isa = PBXResourcesBuildPhase;
			buildActionMask = 2147483647;
			files = (
				E141B2C123B239FA0083D67C /* LaunchScreen.storyboard in Resources */,
				E141B2BE23B239FA0083D67C /* Assets.xcassets in Resources */,
				E141B2BC23B239F50083D67C /* Main.storyboard in Resources */,
			);
			runOnlyForDeploymentPostprocessing = 0;
		};
		E141B2C523B239FA0083D67C /* Resources */ = {
			isa = PBXResourcesBuildPhase;
			buildActionMask = 2147483647;
			files = (
			);
			runOnlyForDeploymentPostprocessing = 0;
		};
		E141B2D023B239FA0083D67C /* Resources */ = {
			isa = PBXResourcesBuildPhase;
			buildActionMask = 2147483647;
			files = (
			);
			runOnlyForDeploymentPostprocessing = 0;
		};
/* End PBXResourcesBuildPhase section */

/* Begin PBXSourcesBuildPhase section */
		E141B2AD23B239F50083D67C /* Sources */ = {
			isa = PBXSourcesBuildPhase;
			buildActionMask = 2147483647;
			files = (
				E141B2B923B239F50083D67C /* ViewController.swift in Sources */,
				E141B2B523B239F50083D67C /* AppDelegate.swift in Sources */,
				E141B2B723B239F50083D67C /* SceneDelegate.swift in Sources */,
			);
			runOnlyForDeploymentPostprocessing = 0;
		};
		E141B2C323B239FA0083D67C /* Sources */ = {
			isa = PBXSourcesBuildPhase;
			buildActionMask = 2147483647;
			files = (
				E141B2CC23B239FA0083D67C /* StoreTests.swift in Sources */,
			);
			runOnlyForDeploymentPostprocessing = 0;
		};
		E141B2CE23B239FA0083D67C /* Sources */ = {
			isa = PBXSourcesBuildPhase;
			buildActionMask = 2147483647;
			files = (
				E141B2D723B239FA0083D67C /* StoreUITests.swift in Sources */,
			);
			runOnlyForDeploymentPostprocessing = 0;
		};
/* End PBXSourcesBuildPhase section */

/* Begin PBXTargetDependency section */
		E141B2C923B239FA0083D67C /* PBXTargetDependency */ = {
			isa = PBXTargetDependency;
			target = E141B2B023B239F50083D67C /* Store */;
			targetProxy = E141B2C823B239FA0083D67C /* PBXContainerItemProxy */;
		};
		E141B2D423B239FA0083D67C /* PBXTargetDependency */ = {
			isa = PBXTargetDependency;
			target = E141B2B023B239F50083D67C /* Store */;
			targetProxy = E141B2D323B239FA0083D67C /* PBXContainerItemProxy */;
		};
/* End PBXTargetDependency section */

/* Begin PBXVariantGroup section */
		E141B2BA23B239F50083D67C /* Main.storyboard */ = {
			isa = PBXVariantGroup;
			children = (
				E141B2BB23B239F50083D67C /* Base */,
			);
			name = Main.storyboard;
			sourceTree = "<group>";
		};
		E141B2BF23B239FA0083D67C /* LaunchScreen.storyboard */ = {
			isa = PBXVariantGroup;
			children = (
				E141B2C023B239FA0083D67C /* Base */,
			);
			name = LaunchScreen.storyboard;
			sourceTree = "<group>";
		};
/* End PBXVariantGroup section */

/* Begin XCBuildConfiguration section */
		E141B2D923B239FA0083D67C /* Debug */ = {
			isa = XCBuildConfiguration;
			buildSettings = {
				ALWAYS_SEARCH_USER_PATHS = NO;
				CLANG_ANALYZER_NONNULL = YES;
				CLANG_ANALYZER_NUMBER_OBJECT_CONVERSION = YES_AGGRESSIVE;
				CLANG_CXX_LANGUAGE_STANDARD = "gnu++14";
				CLANG_CXX_LIBRARY = "libc++";
				CLANG_ENABLE_MODULES = YES;
				CLANG_ENABLE_OBJC_ARC = YES;
				CLANG_ENABLE_OBJC_WEAK = YES;
				CLANG_WARN_BLOCK_CAPTURE_AUTORELEASING = YES;
				CLANG_WARN_BOOL_CONVERSION = YES;
				CLANG_WARN_COMMA = YES;
				CLANG_WARN_CONSTANT_CONVERSION = YES;
				CLANG_WARN_DEPRECATED_OBJC_IMPLEMENTATIONS = YES;
				CLANG_WARN_DIRECT_OBJC_ISA_USAGE = YES_ERROR;
				CLANG_WARN_DOCUMENTATION_COMMENTS = YES;
				CLANG_WARN_EMPTY_BODY = YES;
				CLANG_WARN_ENUM_CONVERSION = YES;
				CLANG_WARN_INFINITE_RECURSION = YES;
				CLANG_WARN_INT_CONVERSION = YES;
				CLANG_WARN_NON_LITERAL_NULL_CONVERSION = YES;
				CLANG_WARN_OBJC_IMPLICIT_RETAIN_SELF = YES;
				CLANG_WARN_OBJC_LITERAL_CONVERSION = YES;
				CLANG_WARN_OBJC_ROOT_CLASS = YES_ERROR;
				CLANG_WARN_RANGE_LOOP_ANALYSIS = YES;
				CLANG_WARN_STRICT_PROTOTYPES = YES;
				CLANG_WARN_SUSPICIOUS_MOVE = YES;
				CLANG_WARN_UNGUARDED_AVAILABILITY = YES_AGGRESSIVE;
				CLANG_WARN_UNREACHABLE_CODE = YES;
				CLANG_WARN__DUPLICATE_METHOD_MATCH = YES;
				COPY_PHASE_STRIP = NO;
				DEBUG_INFORMATION_FORMAT = dwarf;
				ENABLE_STRICT_OBJC_MSGSEND = YES;
				ENABLE_TESTABILITY = YES;
				GCC_C_LANGUAGE_STANDARD = gnu11;
				GCC_DYNAMIC_NO_PIC = NO;
				GCC_NO_COMMON_BLOCKS = YES;
				GCC_OPTIMIZATION_LEVEL = 0;
				GCC_PREPROCESSOR_DEFINITIONS = (
					"DEBUG=1",
					"$(inherited)",
				);
				GCC_WARN_64_TO_32_BIT_CONVERSION = YES;
				GCC_WARN_ABOUT_RETURN_TYPE = YES_ERROR;
				GCC_WARN_UNDECLARED_SELECTOR = YES;
				GCC_WARN_UNINITIALIZED_AUTOS = YES_AGGRESSIVE;
				GCC_WARN_UNUSED_FUNCTION = YES;
				GCC_WARN_UNUSED_VARIABLE = YES;
				IPHONEOS_DEPLOYMENT_TARGET = 13.2;
				MTL_ENABLE_DEBUG_INFO = INCLUDE_SOURCE;
				MTL_FAST_MATH = YES;
				ONLY_ACTIVE_ARCH = YES;
				SDKROOT = iphoneos;
				SWIFT_ACTIVE_COMPILATION_CONDITIONS = DEBUG;
				SWIFT_OPTIMIZATION_LEVEL = "-Onone";
			};
			name = Debug;
		};
		E141B2DA23B239FA0083D67C /* Release */ = {
			isa = XCBuildConfiguration;
			buildSettings = {
				ALWAYS_SEARCH_USER_PATHS = NO;
				CLANG_ANALYZER_NONNULL = YES;
				CLANG_ANALYZER_NUMBER_OBJECT_CONVERSION = YES_AGGRESSIVE;
				CLANG_CXX_LANGUAGE_STANDARD = "gnu++14";
				CLANG_CXX_LIBRARY = "libc++";
				CLANG_ENABLE_MODULES = YES;
				CLANG_ENABLE_OBJC_ARC = YES;
				CLANG_ENABLE_OBJC_WEAK = YES;
				CLANG_WARN_BLOCK_CAPTURE_AUTORELEASING = YES;
				CLANG_WARN_BOOL_CONVERSION = YES;
				CLANG_WARN_COMMA = YES;
				CLANG_WARN_CONSTANT_CONVERSION = YES;
				CLANG_WARN_DEPRECATED_OBJC_IMPLEMENTATIONS = YES;
				CLANG_WARN_DIRECT_OBJC_ISA_USAGE = YES_ERROR;
				CLANG_WARN_DOCUMENTATION_COMMENTS = YES;
				CLANG_WARN_EMPTY_BODY = YES;
				CLANG_WARN_ENUM_CONVERSION = YES;
				CLANG_WARN_INFINITE_RECURSION = YES;
				CLANG_WARN_INT_CONVERSION = YES;
				CLANG_WARN_NON_LITERAL_NULL_CONVERSION = YES;
				CLANG_WARN_OBJC_IMPLICIT_RETAIN_SELF = YES;
				CLANG_WARN_OBJC_LITERAL_CONVERSION = YES;
				CLANG_WARN_OBJC_ROOT_CLASS = YES_ERROR;
				CLANG_WARN_RANGE_LOOP_ANALYSIS = YES;
				CLANG_WARN_STRICT_PROTOTYPES = YES;
				CLANG_WARN_SUSPICIOUS_MOVE = YES;
				CLANG_WARN_UNGUARDED_AVAILABILITY = YES_AGGRESSIVE;
				CLANG_WARN_UNREACHABLE_CODE = YES;
				CLANG_WARN__DUPLICATE_METHOD_MATCH = YES;
				COPY_PHASE_STRIP = NO;
				DEBUG_INFORMATION_FORMAT = "dwarf-with-dsym";
				ENABLE_NS_ASSERTIONS = NO;
				ENABLE_STRICT_OBJC_MSGSEND = YES;
				GCC_C_LANGUAGE_STANDARD = gnu11;
				GCC_NO_COMMON_BLOCKS = YES;
				GCC_WARN_64_TO_32_BIT_CONVERSION = YES;
				GCC_WARN_ABOUT_RETURN_TYPE = YES_ERROR;
				GCC_WARN_UNDECLARED_SELECTOR = YES;
				GCC_WARN_UNINITIALIZED_AUTOS = YES_AGGRESSIVE;
				GCC_WARN_UNUSED_FUNCTION = YES;
				GCC_WARN_UNUSED_VARIABLE = YES;
				IPHONEOS_DEPLOYMENT_TARGET = 13.2;
				MTL_ENABLE_DEBUG_INFO = NO;
				MTL_FAST_MATH = YES;
				SDKROOT = iphoneos;
				SWIFT_COMPILATION_MODE = wholemodule;
				SWIFT_OPTIMIZATION_LEVEL = "-O";
				VALIDATE_PRODUCT = YES;
			};
			name = Release;
		};
		E141B2DC23B239FA0083D67C /* Debug */ = {
			isa = XCBuildConfiguration;
			buildSettings = {
				ASSETCATALOG_COMPILER_APPICON_NAME = AppIcon;
				CODE_SIGN_STYLE = Automatic;
				DEVELOPMENT_TEAM = 927UD5JTBP;
				INFOPLIST_FILE = Store/Info.plist;
				LD_RUNPATH_SEARCH_PATHS = (
					"$(inherited)",
					"@executable_path/Frameworks",
				);
				PRODUCT_BUNDLE_IDENTIFIER = ru.getproger.Store;
				PRODUCT_NAME = "$(TARGET_NAME)";
				SWIFT_VERSION = 5.0;
				TARGETED_DEVICE_FAMILY = "1,2";
			};
			name = Debug;
		};
		E141B2DD23B239FA0083D67C /* Release */ = {
			isa = XCBuildConfiguration;
			buildSettings = {
				ASSETCATALOG_COMPILER_APPICON_NAME = AppIcon;
				CODE_SIGN_STYLE = Automatic;
				DEVELOPMENT_TEAM = 927UD5JTBP;
				INFOPLIST_FILE = Store/Info.plist;
				LD_RUNPATH_SEARCH_PATHS = (
					"$(inherited)",
					"@executable_path/Frameworks",
				);
				PRODUCT_BUNDLE_IDENTIFIER = ru.getproger.Store;
				PRODUCT_NAME = "$(TARGET_NAME)";
				SWIFT_VERSION = 5.0;
				TARGETED_DEVICE_FAMILY = "1,2";
			};
			name = Release;
		};
		E141B2DF23B239FA0083D67C /* Debug */ = {
			isa = XCBuildConfiguration;
			buildSettings = {
				ALWAYS_EMBED_SWIFT_STANDARD_LIBRARIES = YES;
				BUNDLE_LOADER = "$(TEST_HOST)";
				CODE_SIGN_STYLE = Automatic;
				DEVELOPMENT_TEAM = 927UD5JTBP;
				INFOPLIST_FILE = StoreTests/Info.plist;
				IPHONEOS_DEPLOYMENT_TARGET = 13.2;
				LD_RUNPATH_SEARCH_PATHS = (
					"$(inherited)",
					"@executable_path/Frameworks",
					"@loader_path/Frameworks",
				);
				PRODUCT_BUNDLE_IDENTIFIER = ru.getproger.StoreTests;
				PRODUCT_NAME = "$(TARGET_NAME)";
				SWIFT_VERSION = 5.0;
				TARGETED_DEVICE_FAMILY = "1,2";
				TEST_HOST = "$(BUILT_PRODUCTS_DIR)/Store.app/Store";
			};
			name = Debug;
		};
		E141B2E023B239FA0083D67C /* Release */ = {
			isa = XCBuildConfiguration;
			buildSettings = {
				ALWAYS_EMBED_SWIFT_STANDARD_LIBRARIES = YES;
				BUNDLE_LOADER = "$(TEST_HOST)";
				CODE_SIGN_STYLE = Automatic;
				DEVELOPMENT_TEAM = 927UD5JTBP;
				INFOPLIST_FILE = StoreTests/Info.plist;
				IPHONEOS_DEPLOYMENT_TARGET = 13.2;
				LD_RUNPATH_SEARCH_PATHS = (
					"$(inherited)",
					"@executable_path/Frameworks",
					"@loader_path/Frameworks",
				);
				PRODUCT_BUNDLE_IDENTIFIER = ru.getproger.StoreTests;
				PRODUCT_NAME = "$(TARGET_NAME)";
				SWIFT_VERSION = 5.0;
				TARGETED_DEVICE_FAMILY = "1,2";
				TEST_HOST = "$(BUILT_PRODUCTS_DIR)/Store.app/Store";
			};
			name = Release;
		};
		E141B2E223B239FA0083D67C /* Debug */ = {
			isa = XCBuildConfiguration;
			buildSettings = {
				ALWAYS_EMBED_SWIFT_STANDARD_LIBRARIES = YES;
				CODE_SIGN_STYLE = Automatic;
				DEVELOPMENT_TEAM = 927UD5JTBP;
				INFOPLIST_FILE = StoreUITests/Info.plist;
				LD_RUNPATH_SEARCH_PATHS = (
					"$(inherited)",
					"@executable_path/Frameworks",
					"@loader_path/Frameworks",
				);
				PRODUCT_BUNDLE_IDENTIFIER = ru.getproger.StoreUITests;
				PRODUCT_NAME = "$(TARGET_NAME)";
				SWIFT_VERSION = 5.0;
				TARGETED_DEVICE_FAMILY = "1,2";
				TEST_TARGET_NAME = Store;
			};
			name = Debug;
		};
		E141B2E323B239FA0083D67C /* Release */ = {
			isa = XCBuildConfiguration;
			buildSettings = {
				ALWAYS_EMBED_SWIFT_STANDARD_LIBRARIES = YES;
				CODE_SIGN_STYLE = Automatic;
				DEVELOPMENT_TEAM = 927UD5JTBP;
				INFOPLIST_FILE = StoreUITests/Info.plist;
				LD_RUNPATH_SEARCH_PATHS = (
					"$(inherited)",
					"@executable_path/Frameworks",
					"@loader_path/Frameworks",
				);
				PRODUCT_BUNDLE_IDENTIFIER = ru.getproger.StoreUITests;
				PRODUCT_NAME = "$(TARGET_NAME)";
				SWIFT_VERSION = 5.0;
				TARGETED_DEVICE_FAMILY = "1,2";
				TEST_TARGET_NAME = Store;
			};
			name = Release;
		};
/* End XCBuildConfiguration section */

/* Begin XCConfigurationList section */
		E141B2AC23B239F50083D67C /* Build configuration list for PBXProject "Store" */ = {
			isa = XCConfigurationList;
			buildConfigurations = (
				E141B2D923B239FA0083D67C /* Debug */,
				E141B2DA23B239FA0083D67C /* Release */,
			);
			defaultConfigurationIsVisible = 0;
			defaultConfigurationName = Release;
		};
		E141B2DB23B239FA0083D67C /* Build configuration list for PBXNativeTarget "Store" */ = {
			isa = XCConfigurationList;
			buildConfigurations = (
				E141B2DC23B239FA0083D67C /* Debug */,
				E141B2DD23B239FA0083D67C /* Release */,
			);
			defaultConfigurationIsVisible = 0;
			defaultConfigurationName = Release;
		};
		E141B2DE23B239FA0083D67C /* Build configuration list for PBXNativeTarget "StoreTests" */ = {
			isa = XCConfigurationList;
			buildConfigurations = (
				E141B2DF23B239FA0083D67C /* Debug */,
				E141B2E023B239FA0083D67C /* Release */,
			);
			defaultConfigurationIsVisible = 0;
			defaultConfigurationName = Release;
		};
		E141B2E123B239FA0083D67C /* Build configuration list for PBXNativeTarget "StoreUITests" */ = {
			isa = XCConfigurationList;
			buildConfigurations = (
				E141B2E223B239FA0083D67C /* Debug */,
				E141B2E323B239FA0083D67C /* Release */,
			);
			defaultConfigurationIsVisible = 0;
			defaultConfigurationName = Release;
		};
/* End XCConfigurationList section */
	};
	rootObject = E141B2A923B239F50083D67C /* Project object */;
}
